
Microsoft Visual Studio Solution File, Format Version 12.00
# Visual Studio Version 16
VisualStudioVersion = 16.0.31129.286
MinimumVisualStudioVersion = 10.0.40219.1
Project("{FAE04EC0-301F-11D3-BF4B-00C04F79EFBC}") = "WebApiDay1Handson1", "WebApiDay1Handson1.csproj", "{B49FE9F8-F30A-49B4-A2DC-C2C6110A584F}"
EndProject
Global
	GlobalSection(SolutionConfigurationPlatforms) = preSolution
		Debug|Any CPU = Debug|Any CPU
		Release|Any CPU = Release|Any CPU
	EndGlobalSection
	GlobalSection(ProjectConfigurationPlatforms) = postSolution
		{B49FE9F8-F30A-49B4-A2DC-C2C6110A584F}.Debug|Any CPU.ActiveCfg = Debug|Any CPU
		{B49FE9F8-F30A-49B4-A2DC-C2C6110A584F}.Debug|Any CPU.Build.0 = Debug|Any CPU
		{B49FE9F8-F30A-49B4-A2DC-C2C6110A584F}.Release|Any CPU.ActiveCfg = Release|Any CPU
		{B49FE9F8-F30A-49B4-A2DC-C2C6110A584F}.Release|Any CPU.Build.0 = Release|Any CPU
	EndGlobalSection
	GlobalSection(SolutionProperties) = preSolution
		HideSolutionNode = FALSE
	EndGlobalSection
	GlobalSection(ExtensibilityGlobals) = postSolution
		SolutionGuid = {034256A6-E914-4D91-B6F6-4B77B7E5E916}
	EndGlobalSection
EndGlobal
